
Microsoft Visual Studio Solution File, Format Version 12.00
# Visual Studio Version 16
VisualStudioVersion = 16.0.29728.190
MinimumVisualStudioVersion = 15.0.26124.0
Project("{F2A71F9B-5D33-465A-A702-920D77279786}") = "Raznor.Core", "Raznor.Core\Raznor.Core.fsproj", "{B828E62B-2C18-4122-9D3E-64483BED1198}"
EndProject
Project("{F2A71F9B-5D33-465A-A702-920D77279786}") = "Raznor.XF", "Raznor.XF\Raznor.XF.fsproj", "{111D4849-48F9-4B25-8987-9DD835DA3A87}"
EndProject
Project("{F2A71F9B-5D33-465A-A702-920D77279786}") = "Raznor.XF.Droid", "Droid\Raznor.XF.Droid.fsproj", "{7C9B6A73-B7CC-42F8-8FE3-32D81DF72A93}"
EndProject
Global
	GlobalSection(SolutionConfigurationPlatforms) = preSolution
		Debug|Any CPU = Debug|Any CPU
		Debug|x64 = Debug|x64
		Debug|x86 = Debug|x86
		Release|Any CPU = Release|Any CPU
		Release|x64 = Release|x64
		Release|x86 = Release|x86
	EndGlobalSection
	GlobalSection(ProjectConfigurationPlatforms) = postSolution
		{B828E62B-2C18-4122-9D3E-64483BED1198}.Debug|Any CPU.ActiveCfg = Debug|Any CPU
		{B828E62B-2C18-4122-9D3E-64483BED1198}.Debug|Any CPU.Build.0 = Debug|Any CPU
		{B828E62B-2C18-4122-9D3E-64483BED1198}.Debug|x64.ActiveCfg = Debug|Any CPU
		{B828E62B-2C18-4122-9D3E-64483BED1198}.Debug|x64.Build.0 = Debug|Any CPU
		{B828E62B-2C18-4122-9D3E-64483BED1198}.Debug|x86.ActiveCfg = Debug|Any CPU
		{B828E62B-2C18-4122-9D3E-64483BED1198}.Debug|x86.Build.0 = Debug|Any CPU
		{B828E62B-2C18-4122-9D3E-64483BED1198}.Release|Any CPU.ActiveCfg = Release|Any CPU
		{B828E62B-2C18-4122-9D3E-64483BED1198}.Release|Any CPU.Build.0 = Release|Any CPU
		{B828E62B-2C18-4122-9D3E-64483BED1198}.Release|x64.ActiveCfg = Release|Any CPU
		{B828E62B-2C18-4122-9D3E-64483BED1198}.Release|x64.Build.0 = Release|Any CPU
		{B828E62B-2C18-4122-9D3E-64483BED1198}.Release|x86.ActiveCfg = Release|Any CPU
		{B828E62B-2C18-4122-9D3E-64483BED1198}.Release|x86.Build.0 = Release|Any CPU
		{111D4849-48F9-4B25-8987-9DD835DA3A87}.Debug|Any CPU.ActiveCfg = Debug|Any CPU
		{111D4849-48F9-4B25-8987-9DD835DA3A87}.Debug|Any CPU.Build.0 = Debug|Any CPU
		{111D4849-48F9-4B25-8987-9DD835DA3A87}.Debug|x64.ActiveCfg = Debug|Any CPU
		{111D4849-48F9-4B25-8987-9DD835DA3A87}.Debug|x64.Build.0 = Debug|Any CPU
		{111D4849-48F9-4B25-8987-9DD835DA3A87}.Debug|x86.ActiveCfg = Debug|Any CPU
		{111D4849-48F9-4B25-8987-9DD835DA3A87}.Debug|x86.Build.0 = Debug|Any CPU
		{111D4849-48F9-4B25-8987-9DD835DA3A87}.Release|Any CPU.ActiveCfg = Release|Any CPU
		{111D4849-48F9-4B25-8987-9DD835DA3A87}.Release|Any CPU.Build.0 = Release|Any CPU
		{111D4849-48F9-4B25-8987-9DD835DA3A87}.Release|x64.ActiveCfg = Release|Any CPU
		{111D4849-48F9-4B25-8987-9DD835DA3A87}.Release|x64.Build.0 = Release|Any CPU
		{111D4849-48F9-4B25-8987-9DD835DA3A87}.Release|x86.ActiveCfg = Release|Any CPU
		{111D4849-48F9-4B25-8987-9DD835DA3A87}.Release|x86.Build.0 = Release|Any CPU
		{7C9B6A73-B7CC-42F8-8FE3-32D81DF72A93}.Debug|Any CPU.ActiveCfg = Debug|Any CPU
		{7C9B6A73-B7CC-42F8-8FE3-32D81DF72A93}.Debug|Any CPU.Build.0 = Debug|Any CPU
		{7C9B6A73-B7CC-42F8-8FE3-32D81DF72A93}.Debug|x64.ActiveCfg = Debug|Any CPU
		{7C9B6A73-B7CC-42F8-8FE3-32D81DF72A93}.Debug|x64.Build.0 = Debug|Any CPU
		{7C9B6A73-B7CC-42F8-8FE3-32D81DF72A93}.Debug|x86.ActiveCfg = Debug|Any CPU
		{7C9B6A73-B7CC-42F8-8FE3-32D81DF72A93}.Debug|x86.Build.0 = Debug|Any CPU
		{7C9B6A73-B7CC-42F8-8FE3-32D81DF72A93}.Release|Any CPU.ActiveCfg = Release|Any CPU
		{7C9B6A73-B7CC-42F8-8FE3-32D81DF72A93}.Release|Any CPU.Build.0 = Release|Any CPU
		{7C9B6A73-B7CC-42F8-8FE3-32D81DF72A93}.Release|x64.ActiveCfg = Release|Any CPU
		{7C9B6A73-B7CC-42F8-8FE3-32D81DF72A93}.Release|x64.Build.0 = Release|Any CPU
		{7C9B6A73-B7CC-42F8-8FE3-32D81DF72A93}.Release|x86.ActiveCfg = Release|Any CPU
		{7C9B6A73-B7CC-42F8-8FE3-32D81DF72A93}.Release|x86.Build.0 = Release|Any CPU
	EndGlobalSection
	GlobalSection(SolutionProperties) = preSolution
		HideSolutionNode = FALSE
	EndGlobalSection
	GlobalSection(ExtensibilityGlobals) = postSolution
		SolutionGuid = {FD2DBF3F-938A-4C44-9046-0E33F019F82C}
	EndGlobalSection
EndGlobal
